
Microsoft Visual Studio Solution File, Format Version 12.00
# Visual Studio 15
VisualStudioVersion = 15.0.28307.779
MinimumVisualStudioVersion = 10.0.40219.1
Project("{FAE04EC0-301F-11D3-BF4B-00C04F79EFBC}") = "studentLibrary", "studentLibrary\studentLibrary.csproj", "{249A79B0-45DD-418A-AA6B-EC3B0729C665}"
EndProject
Project("{FAE04EC0-301F-11D3-BF4B-00C04F79EFBC}") = "UnitTestProject2", "UnitTestProject2\UnitTestProject2.csproj", "{39BD486E-F33D-4737-816F-2D5945A59796}"
EndProject
Global
	GlobalSection(SolutionConfigurationPlatforms) = preSolution
		Debug|Any CPU = Debug|Any CPU
		Release|Any CPU = Release|Any CPU
	EndGlobalSection
	GlobalSection(ProjectConfigurationPlatforms) = postSolution
		{249A79B0-45DD-418A-AA6B-EC3B0729C665}.Debug|Any CPU.ActiveCfg = Debug|Any CPU
		{249A79B0-45DD-418A-AA6B-EC3B0729C665}.Debug|Any CPU.Build.0 = Debug|Any CPU
		{249A79B0-45DD-418A-AA6B-EC3B0729C665}.Release|Any CPU.ActiveCfg = Release|Any CPU
		{249A79B0-45DD-418A-AA6B-EC3B0729C665}.Release|Any CPU.Build.0 = Release|Any CPU
		{39BD486E-F33D-4737-816F-2D5945A59796}.Debug|Any CPU.ActiveCfg = Debug|Any CPU
		{39BD486E-F33D-4737-816F-2D5945A59796}.Debug|Any CPU.Build.0 = Debug|Any CPU
		{39BD486E-F33D-4737-816F-2D5945A59796}.Release|Any CPU.ActiveCfg = Release|Any CPU
		{39BD486E-F33D-4737-816F-2D5945A59796}.Release|Any CPU.Build.0 = Release|Any CPU
	EndGlobalSection
	GlobalSection(SolutionProperties) = preSolution
		HideSolutionNode = FALSE
	EndGlobalSection
	GlobalSection(ExtensibilityGlobals) = postSolution
		SolutionGuid = {E82389C7-5116-4A39-A9BB-24614C087B8D}
	EndGlobalSection
EndGlobal
